
Microsoft Visual Studio Solution File, Format Version 12.00
# Visual Studio Version 17
VisualStudioVersion = 17.9.34728.123
MinimumVisualStudioVersion = 10.0.40219.1
Project("{FAE04EC0-301F-11D3-BF4B-00C04F79EFBC}") = "H2oScoring", "H2oScoring\H2oScoring.csproj", "{D5DE129F-63C9-44DC-9966-F68449742974}"
EndProject
Global
	GlobalSection(SolutionConfigurationPlatforms) = preSolution
		Debug|Any CPU = Debug|Any CPU
		Release|Any CPU = Release|Any CPU
	EndGlobalSection
	GlobalSection(ProjectConfigurationPlatforms) = postSolution
		{D5DE129F-63C9-44DC-9966-F68449742974}.Debug|Any CPU.ActiveCfg = Debug|Any CPU
		{D5DE129F-63C9-44DC-9966-F68449742974}.Debug|Any CPU.Build.0 = Debug|Any CPU
		{D5DE129F-63C9-44DC-9966-F68449742974}.Release|Any CPU.ActiveCfg = Release|Any CPU
		{D5DE129F-63C9-44DC-9966-F68449742974}.Release|Any CPU.Build.0 = Release|Any CPU
	EndGlobalSection
	GlobalSection(SolutionProperties) = preSolution
		HideSolutionNode = FALSE
	EndGlobalSection
	GlobalSection(ExtensibilityGlobals) = postSolution
		SolutionGuid = {502D67F4-F3CC-4B0E-A275-E0CD745CED5F}
	EndGlobalSection
EndGlobal
